{
  "nodes": {
    "nixpkgs": {
      "locked": {
        "lastModified": 1756273791,
        "narHash": "sha256-d8hIKtjQCWzKrLRf0X3QUsOcBaQidrKl3SAId1QY8CU=",
        "owner": "NixOS",
        "repo": "nixpkgs",
        "rev": "6024b4aa94589b07b38bca7c3013b44ce38a41dd",
        "type": "github"
      },
      "original": {
        "owner": "NixOS",
        "repo": "nixpkgs",
        "type": "github"
      }
    },
    "root": {
      "inputs": {
        "nixpkgs": "nixpkgs"
      }
    }
  },
  "root": "root",
  "version": 7
}
